
Microsoft Visual Studio Solution File, Format Version 12.00
# Visual Studio Version 17
VisualStudioVersion = 17.14.36414.22 d17.14
MinimumVisualStudioVersion = 10.0.40219.1
Project("{FAE04EC0-301F-11D3-BF4B-00C04F79EFBC}") = "WebApplicationAspNetCoreWebApi", "WebApplicationAspNetCoreWebApi\WebApplicationAspNetCoreWebApi.csproj", "{58FEF14D-5F24-4D24-97C0-012E9D1C6941}"
EndProject
Project("{54A90642-561A-4BB1-A94E-469ADEE60C69}") = "AngularProjectToWebApi", "AngularProjectToWebApi\AngularProjectToWebApi.esproj", "{9FC67BD5-8F02-9B3F-BE61-2CC3AABA7966}"
EndProject
Global
	GlobalSection(SolutionConfigurationPlatforms) = preSolution
		Debug|Any CPU = Debug|Any CPU
		Release|Any CPU = Release|Any CPU
	EndGlobalSection
	GlobalSection(ProjectConfigurationPlatforms) = postSolution
		{58FEF14D-5F24-4D24-97C0-012E9D1C6941}.Debug|Any CPU.ActiveCfg = Debug|Any CPU
		{58FEF14D-5F24-4D24-97C0-012E9D1C6941}.Debug|Any CPU.Build.0 = Debug|Any CPU
		{58FEF14D-5F24-4D24-97C0-012E9D1C6941}.Release|Any CPU.ActiveCfg = Release|Any CPU
		{58FEF14D-5F24-4D24-97C0-012E9D1C6941}.Release|Any CPU.Build.0 = Release|Any CPU
		{9FC67BD5-8F02-9B3F-BE61-2CC3AABA7966}.Debug|Any CPU.ActiveCfg = Debug|Any CPU
		{9FC67BD5-8F02-9B3F-BE61-2CC3AABA7966}.Debug|Any CPU.Build.0 = Debug|Any CPU
		{9FC67BD5-8F02-9B3F-BE61-2CC3AABA7966}.Debug|Any CPU.Deploy.0 = Debug|Any CPU
		{9FC67BD5-8F02-9B3F-BE61-2CC3AABA7966}.Release|Any CPU.ActiveCfg = Release|Any CPU
		{9FC67BD5-8F02-9B3F-BE61-2CC3AABA7966}.Release|Any CPU.Build.0 = Release|Any CPU
		{9FC67BD5-8F02-9B3F-BE61-2CC3AABA7966}.Release|Any CPU.Deploy.0 = Release|Any CPU
	EndGlobalSection
	GlobalSection(SolutionProperties) = preSolution
		HideSolutionNode = FALSE
	EndGlobalSection
	GlobalSection(ExtensibilityGlobals) = postSolution
		SolutionGuid = {8A260AF4-B5E5-45CE-989F-AD6E06AF3DEB}
	EndGlobalSection
EndGlobal
